// !$*UTF8*$!
{
	archiveVersion = 1;
	classes = {
	};
	objectVersion = 56;
	objects = {

/* Begin PBXBuildFile section */
		D2FA0F892B541E9400C8DD34 /* AppDelegate.swift in Sources */ = {isa = PBXBuildFile; fileRef = D2FA0F882B541E9400C8DD34 /* AppDelegate.swift */; };
		D2FA0F8B2B541E9400C8DD34 /* GameScene.sks in Resources */ = {isa = PBXBuildFile; fileRef = D2FA0F8A2B541E9400C8DD34 /* GameScene.sks */; };
		D2FA0F8F2B541E9400C8DD34 /* GameScene.swift in Sources */ = {isa = PBXBuildFile; fileRef = D2FA0F8E2B541E9400C8DD34 /* GameScene.swift */; };
		D2FA0F912B541E9400C8DD34 /* GameViewController.swift in Sources */ = {isa = PBXBuildFile; fileRef = D2FA0F902B541E9400C8DD34 /* GameViewController.swift */; };
		D2FA0F942B541E9400C8DD34 /* Main.storyboard in Resources */ = {isa = PBXBuildFile; fileRef = D2FA0F922B541E9400C8DD34 /* Main.storyboard */; };
		D2FA0F962B541E9500C8DD34 /* Assets.xcassets in Resources */ = {isa = PBXBuildFile; fileRef = D2FA0F952B541E9500C8DD34 /* Assets.xcassets */; };
		D2FA0F992B541E9500C8DD34 /* LaunchScreen.storyboard in Resources */ = {isa = PBXBuildFile; fileRef = D2FA0F972B541E9500C8DD34 /* LaunchScreen.storyboard */; };
		D2FA0FAF2B5446BB00C8DD34 /* FireParticles.sks in Resources */ = {isa = PBXBuildFile; fileRef = D2FA0FA02B5446BB00C8DD34 /* FireParticles.sks */; };
		D2FA0FB02B5446BB00C8DD34 /* ballBlue@2x.png in Resources */ = {isa = PBXBuildFile; fileRef = D2FA0FA12B5446BB00C8DD34 /* ballBlue@2x.png */; };
		D2FA0FB12B5446BB00C8DD34 /* slotGlowBad@2x.png in Resources */ = {isa = PBXBuildFile; fileRef = D2FA0FA22B5446BB00C8DD34 /* slotGlowBad@2x.png */; };
		D2FA0FB22B5446BB00C8DD34 /* ballYellow@2x.png in Resources */ = {isa = PBXBuildFile; fileRef = D2FA0FA32B5446BB00C8DD34 /* ballYellow@2x.png */; };
		D2FA0FB32B5446BB00C8DD34 /* slotBaseGood@2x.png in Resources */ = {isa = PBXBuildFile; fileRef = D2FA0FA42B5446BB00C8DD34 /* slotBaseGood@2x.png */; };
		D2FA0FB42B5446BB00C8DD34 /* ballPurple@2x.png in Resources */ = {isa = PBXBuildFile; fileRef = D2FA0FA52B5446BB00C8DD34 /* ballPurple@2x.png */; };
		D2FA0FB52B5446BB00C8DD34 /* slotBaseBad@2x.png in Resources */ = {isa = PBXBuildFile; fileRef = D2FA0FA62B5446BB00C8DD34 /* slotBaseBad@2x.png */; };
		D2FA0FB62B5446BB00C8DD34 /* ballGrey@2x.png in Resources */ = {isa = PBXBuildFile; fileRef = D2FA0FA72B5446BB00C8DD34 /* ballGrey@2x.png */; };
		D2FA0FB72B5446BB00C8DD34 /* spark.png in Resources */ = {isa = PBXBuildFile; fileRef = D2FA0FA82B5446BB00C8DD34 /* spark.png */; };
		D2FA0FB82B5446BB00C8DD34 /* bouncer@2x.png in Resources */ = {isa = PBXBuildFile; fileRef = D2FA0FA92B5446BB00C8DD34 /* bouncer@2x.png */; };
		D2FA0FB92B5446BB00C8DD34 /* slotGlowGood@2x.png in Resources */ = {isa = PBXBuildFile; fileRef = D2FA0FAA2B5446BB00C8DD34 /* slotGlowGood@2x.png */; };
		D2FA0FBA2B5446BB00C8DD34 /* ballRed@2x.png in Resources */ = {isa = PBXBuildFile; fileRef = D2FA0FAB2B5446BB00C8DD34 /* ballRed@2x.png */; };
		D2FA0FBB2B5446BB00C8DD34 /* ballCyan@2x.png in Resources */ = {isa = PBXBuildFile; fileRef = D2FA0FAC2B5446BB00C8DD34 /* ballCyan@2x.png */; };
		D2FA0FBC2B5446BB00C8DD34 /* background@2x.jpg in Resources */ = {isa = PBXBuildFile; fileRef = D2FA0FAD2B5446BB00C8DD34 /* background@2x.jpg */; };
		D2FA0FBD2B5446BB00C8DD34 /* ballGreen@2x.png in Resources */ = {isa = PBXBuildFile; fileRef = D2FA0FAE2B5446BB00C8DD34 /* ballGreen@2x.png */; };
/* End PBXBuildFile section */

/* Begin PBXFileReference section */
		D2FA0F852B541E9400C8DD34 /* Project11.app */ = {isa = PBXFileReference; explicitFileType = wrapper.application; includeInIndex = 0; path = Project11.app; sourceTree = BUILT_PRODUCTS_DIR; };
		D2FA0F882B541E9400C8DD34 /* AppDelegate.swift */ = {isa = PBXFileReference; lastKnownFileType = sourcecode.swift; path = AppDelegate.swift; sourceTree = "<group>"; };
		D2FA0F8A2B541E9400C8DD34 /* GameScene.sks */ = {isa = PBXFileReference; lastKnownFileType = file.sks; path = GameScene.sks; sourceTree = "<group>"; };
		D2FA0F8E2B541E9400C8DD34 /* GameScene.swift */ = {isa = PBXFileReference; lastKnownFileType = sourcecode.swift; path = GameScene.swift; sourceTree = "<group>"; };
		D2FA0F902B541E9400C8DD34 /* GameViewController.swift */ = {isa = PBXFileReference; lastKnownFileType = sourcecode.swift; path = GameViewController.swift; sourceTree = "<group>"; };
		D2FA0F932B541E9400C8DD34 /* Base */ = {isa = PBXFileReference; lastKnownFileType = file.storyboard; name = Base; path = Base.lproj/Main.storyboard; sourceTree = "<group>"; };
		D2FA0F952B541E9500C8DD34 /* Assets.xcassets */ = {isa = PBXFileReference; lastKnownFileType = folder.assetcatalog; path = Assets.xcassets; sourceTree = "<group>"; };
		D2FA0F982B541E9500C8DD34 /* Base */ = {isa = PBXFileReference; lastKnownFileType = file.storyboard; name = Base; path = Base.lproj/LaunchScreen.storyboard; sourceTree = "<group>"; };
		D2FA0FA02B5446BB00C8DD34 /* FireParticles.sks */ = {isa = PBXFileReference; lastKnownFileType = file.sks; path = FireParticles.sks; sourceTree = "<group>"; };
		D2FA0FA12B5446BB00C8DD34 /* ballBlue@2x.png */ = {isa = PBXFileReference; lastKnownFileType = image.png; path = "ballBlue@2x.png"; sourceTree = "<group>"; };
		D2FA0FA22B5446BB00C8DD34 /* slotGlowBad@2x.png */ = {isa = PBXFileReference; lastKnownFileType = image.png; path = "slotGlowBad@2x.png"; sourceTree = "<group>"; };
		D2FA0FA32B5446BB00C8DD34 /* ballYellow@2x.png */ = {isa = PBXFileReference; lastKnownFileType = image.png; path = "ballYellow@2x.png"; sourceTree = "<group>"; };
		D2FA0FA42B5446BB00C8DD34 /* slotBaseGood@2x.png */ = {isa = PBXFileReference; lastKnownFileType = image.png; path = "slotBaseGood@2x.png"; sourceTree = "<group>"; };
		D2FA0FA52B5446BB00C8DD34 /* ballPurple@2x.png */ = {isa = PBXFileReference; lastKnownFileType = image.png; path = "ballPurple@2x.png"; sourceTree = "<group>"; };
		D2FA0FA62B5446BB00C8DD34 /* slotBaseBad@2x.png */ = {isa = PBXFileReference; lastKnownFileType = image.png; path = "slotBaseBad@2x.png"; sourceTree = "<group>"; };
		D2FA0FA72B5446BB00C8DD34 /* ballGrey@2x.png */ = {isa = PBXFileReference; lastKnownFileType = image.png; path = "ballGrey@2x.png"; sourceTree = "<group>"; };
		D2FA0FA82B5446BB00C8DD34 /* spark.png */ = {isa = PBXFileReference; lastKnownFileType = image.png; path = spark.png; sourceTree = "<group>"; };
		D2FA0FA92B5446BB00C8DD34 /* bouncer@2x.png */ = {isa = PBXFileReference; lastKnownFileType = image.png; path = "bouncer@2x.png"; sourceTree = "<group>"; };
		D2FA0FAA2B5446BB00C8DD34 /* slotGlowGood@2x.png */ = {isa = PBXFileReference; lastKnownFileType = image.png; path = "slotGlowGood@2x.png"; sourceTree = "<group>"; };
		D2FA0FAB2B5446BB00C8DD34 /* ballRed@2x.png */ = {isa = PBXFileReference; lastKnownFileType = image.png; path = "ballRed@2x.png"; sourceTree = "<group>"; };
		D2FA0FAC2B5446BB00C8DD34 /* ballCyan@2x.png */ = {isa = PBXFileReference; lastKnownFileType = image.png; path = "ballCyan@2x.png"; sourceTree = "<group>"; };
		D2FA0FAD2B5446BB00C8DD34 /* background@2x.jpg */ = {isa = PBXFileReference; lastKnownFileType = image.jpeg; path = "background@2x.jpg"; sourceTree = "<group>"; };
		D2FA0FAE2B5446BB00C8DD34 /* ballGreen@2x.png */ = {isa = PBXFileReference; lastKnownFileType = image.png; path = "ballGreen@2x.png"; sourceTree = "<group>"; };
/* End PBXFileReference section */

/* Begin PBXFrameworksBuildPhase section */
		D2FA0F822B541E9400C8DD34 /* Frameworks */ = {
			isa = PBXFrameworksBuildPhase;
			buildActionMask = 2147483647;
			files = (
			);
			runOnlyForDeploymentPostprocessing = 0;
		};
/* End PBXFrameworksBuildPhase section */

/* Begin PBXGroup section */
		D2FA0F7C2B541E9400C8DD34 = {
			isa = PBXGroup;
			children = (
				D2FA0F872B541E9400C8DD34 /* Project11 */,
				D2FA0F862B541E9400C8DD34 /* Products */,
			);
			sourceTree = "<group>";
		};
		D2FA0F862B541E9400C8DD34 /* Products */ = {
			isa = PBXGroup;
			children = (
				D2FA0F852B541E9400C8DD34 /* Project11.app */,
			);
			name = Products;
			sourceTree = "<group>";
		};
		D2FA0F872B541E9400C8DD34 /* Project11 */ = {
			isa = PBXGroup;
			children = (
				D2FA0F882B541E9400C8DD34 /* AppDelegate.swift */,
				D2FA0F8A2B541E9400C8DD34 /* GameScene.sks */,
				D2FA0F8E2B541E9400C8DD34 /* GameScene.swift */,
				D2FA0F902B541E9400C8DD34 /* GameViewController.swift */,
				D2FA0F922B541E9400C8DD34 /* Main.storyboard */,
				D2FA0F952B541E9500C8DD34 /* Assets.xcassets */,
				D2FA0F972B541E9500C8DD34 /* LaunchScreen.storyboard */,
				D2FA0F9F2B5446BB00C8DD34 /* Content */,
			);
			path = Project11;
			sourceTree = "<group>";
		};
		D2FA0F9F2B5446BB00C8DD34 /* Content */ = {
			isa = PBXGroup;
			children = (
				D2FA0FA02B5446BB00C8DD34 /* FireParticles.sks */,
				D2FA0FA12B5446BB00C8DD34 /* ballBlue@2x.png */,
				D2FA0FA22B5446BB00C8DD34 /* slotGlowBad@2x.png */,
				D2FA0FA32B5446BB00C8DD34 /* ballYellow@2x.png */,
				D2FA0FA42B5446BB00C8DD34 /* slotBaseGood@2x.png */,
				D2FA0FA52B5446BB00C8DD34 /* ballPurple@2x.png */,
				D2FA0FA62B5446BB00C8DD34 /* slotBaseBad@2x.png */,
				D2FA0FA72B5446BB00C8DD34 /* ballGrey@2x.png */,
				D2FA0FA82B5446BB00C8DD34 /* spark.png */,
				D2FA0FA92B5446BB00C8DD34 /* bouncer@2x.png */,
				D2FA0FAA2B5446BB00C8DD34 /* slotGlowGood@2x.png */,
				D2FA0FAB2B5446BB00C8DD34 /* ballRed@2x.png */,
				D2FA0FAC2B5446BB00C8DD34 /* ballCyan@2x.png */,
				D2FA0FAD2B5446BB00C8DD34 /* background@2x.jpg */,
				D2FA0FAE2B5446BB00C8DD34 /* ballGreen@2x.png */,
			);
			path = Content;
			sourceTree = "<group>";
		};
/* End PBXGroup section */

/* Begin PBXNativeTarget section */
		D2FA0F842B541E9400C8DD34 /* Project11 */ = {
			isa = PBXNativeTarget;
			buildConfigurationList = D2FA0F9C2B541E9500C8DD34 /* Build configuration list for PBXNativeTarget "Project11" */;
			buildPhases = (
				D2FA0F812B541E9400C8DD34 /* Sources */,
				D2FA0F822B541E9400C8DD34 /* Frameworks */,
				D2FA0F832B541E9400C8DD34 /* Resources */,
			);
			buildRules = (
			);
			dependencies = (
			);
			name = Project11;
			productName = Project11;
			productReference = D2FA0F852B541E9400C8DD34 /* Project11.app */;
			productType = "com.apple.product-type.application";
		};
/* End PBXNativeTarget section */

/* Begin PBXProject section */
		D2FA0F7D2B541E9400C8DD34 /* Project object */ = {
			isa = PBXProject;
			attributes = {
				BuildIndependentTargetsInParallel = 1;
				LastSwiftUpdateCheck = 1520;
				LastUpgradeCheck = 1520;
				TargetAttributes = {
					D2FA0F842B541E9400C8DD34 = {
						CreatedOnToolsVersion = 15.2;
					};
				};
			};
			buildConfigurationList = D2FA0F802B541E9400C8DD34 /* Build configuration list for PBXProject "Project11" */;
			compatibilityVersion = "Xcode 14.0";
			developmentRegion = en;
			hasScannedForEncodings = 0;
			knownRegions = (
				en,
				Base,
			);
			mainGroup = D2FA0F7C2B541E9400C8DD34;
			productRefGroup = D2FA0F862B541E9400C8DD34 /* Products */;
			projectDirPath = "";
			projectRoot = "";
			targets = (
				D2FA0F842B541E9400C8DD34 /* Project11 */,
			);
		};
/* End PBXProject section */

/* Begin PBXResourcesBuildPhase section */
		D2FA0F832B541E9400C8DD34 /* Resources */ = {
			isa = PBXResourcesBuildPhase;
			buildActionMask = 2147483647;
			files = (
				D2FA0F942B541E9400C8DD34 /* Main.storyboard in Resources */,
				D2FA0FBA2B5446BB00C8DD34 /* ballRed@2x.png in Resources */,
				D2FA0FB42B5446BB00C8DD34 /* ballPurple@2x.png in Resources */,
				D2FA0FB52B5446BB00C8DD34 /* slotBaseBad@2x.png in Resources */,
				D2FA0FB32B5446BB00C8DD34 /* slotBaseGood@2x.png in Resources */,
				D2FA0F8B2B541E9400C8DD34 /* GameScene.sks in Resources */,
				D2FA0FB92B5446BB00C8DD34 /* slotGlowGood@2x.png in Resources */,
				D2FA0FB72B5446BB00C8DD34 /* spark.png in Resources */,
				D2FA0FAF2B5446BB00C8DD34 /* FireParticles.sks in Resources */,
				D2FA0F962B541E9500C8DD34 /* Assets.xcassets in Resources */,
				D2FA0F992B541E9500C8DD34 /* LaunchScreen.storyboard in Resources */,
				D2FA0FB22B5446BB00C8DD34 /* ballYellow@2x.png in Resources */,
				D2FA0FBD2B5446BB00C8DD34 /* ballGreen@2x.png in Resources */,
				D2FA0FB02B5446BB00C8DD34 /* ballBlue@2x.png in Resources */,
				D2FA0FBB2B5446BB00C8DD34 /* ballCyan@2x.png in Resources */,
				D2FA0FB82B5446BB00C8DD34 /* bouncer@2x.png in Resources */,
				D2FA0FB62B5446BB00C8DD34 /* ballGrey@2x.png in Resources */,
				D2FA0FBC2B5446BB00C8DD34 /* background@2x.jpg in Resources */,
				D2FA0FB12B5446BB00C8DD34 /* slotGlowBad@2x.png in Resources */,
			);
			runOnlyForDeploymentPostprocessing = 0;
		};
/* End PBXResourcesBuildPhase section */

/* Begin PBXSourcesBuildPhase section */
		D2FA0F812B541E9400C8DD34 /* Sources */ = {
			isa = PBXSourcesBuildPhase;
			buildActionMask = 2147483647;
			files = (
				D2FA0F8F2B541E9400C8DD34 /* GameScene.swift in Sources */,
				D2FA0F912B541E9400C8DD34 /* GameViewController.swift in Sources */,
				D2FA0F892B541E9400C8DD34 /* AppDelegate.swift in Sources */,
			);
			runOnlyForDeploymentPostprocessing = 0;
		};
/* End PBXSourcesBuildPhase section */

/* Begin PBXVariantGroup section */
		D2FA0F922B541E9400C8DD34 /* Main.storyboard */ = {
			isa = PBXVariantGroup;
			children = (
				D2FA0F932B541E9400C8DD34 /* Base */,
			);
			name = Main.storyboard;
			sourceTree = "<group>";
		};
		D2FA0F972B541E9500C8DD34 /* LaunchScreen.storyboard */ = {
			isa = PBXVariantGroup;
			children = (
				D2FA0F982B541E9500C8DD34 /* Base */,
			);
			name = LaunchScreen.storyboard;
			sourceTree = "<group>";
		};
/* End PBXVariantGroup section */

/* Begin XCBuildConfiguration section */
		D2FA0F9A2B541E9500C8DD34 /* Debug */ = {
			isa = XCBuildConfiguration;
			buildSettings = {
				ALWAYS_SEARCH_USER_PATHS = NO;
				ASSETCATALOG_COMPILER_GENERATE_SWIFT_ASSET_SYMBOL_EXTENSIONS = YES;
				CLANG_ANALYZER_NONNULL = YES;
				CLANG_ANALYZER_NUMBER_OBJECT_CONVERSION = YES_AGGRESSIVE;
				CLANG_CXX_LANGUAGE_STANDARD = "gnu++20";
				CLANG_ENABLE_MODULES = YES;
				CLANG_ENABLE_OBJC_ARC = YES;
				CLANG_ENABLE_OBJC_WEAK = YES;
				CLANG_WARN_BLOCK_CAPTURE_AUTORELEASING = YES;
				CLANG_WARN_BOOL_CONVERSION = YES;
				CLANG_WARN_COMMA = YES;
				CLANG_WARN_CONSTANT_CONVERSION = YES;
				CLANG_WARN_DEPRECATED_OBJC_IMPLEMENTATIONS = YES;
				CLANG_WARN_DIRECT_OBJC_ISA_USAGE = YES_ERROR;
				CLANG_WARN_DOCUMENTATION_COMMENTS = YES;
				CLANG_WARN_EMPTY_BODY = YES;
				CLANG_WARN_ENUM_CONVERSION = YES;
				CLANG_WARN_INFINITE_RECURSION = YES;
				CLANG_WARN_INT_CONVERSION = YES;
				CLANG_WARN_NON_LITERAL_NULL_CONVERSION = YES;
				CLANG_WARN_OBJC_IMPLICIT_RETAIN_SELF = YES;
				CLANG_WARN_OBJC_LITERAL_CONVERSION = YES;
				CLANG_WARN_OBJC_ROOT_CLASS = YES_ERROR;
				CLANG_WARN_QUOTED_INCLUDE_IN_FRAMEWORK_HEADER = YES;
				CLANG_WARN_RANGE_LOOP_ANALYSIS = YES;
				CLANG_WARN_STRICT_PROTOTYPES = YES;
				CLANG_WARN_SUSPICIOUS_MOVE = YES;
				CLANG_WARN_UNGUARDED_AVAILABILITY = YES_AGGRESSIVE;
				CLANG_WARN_UNREACHABLE_CODE = YES;
				CLANG_WARN__DUPLICATE_METHOD_MATCH = YES;
				COPY_PHASE_STRIP = NO;
				DEBUG_INFORMATION_FORMAT = dwarf;
				ENABLE_STRICT_OBJC_MSGSEND = YES;
				ENABLE_TESTABILITY = YES;
				ENABLE_USER_SCRIPT_SANDBOXING = YES;
				GCC_C_LANGUAGE_STANDARD = gnu17;
				GCC_DYNAMIC_NO_PIC = NO;
				GCC_NO_COMMON_BLOCKS = YES;
				GCC_OPTIMIZATION_LEVEL = 0;
				GCC_PREPROCESSOR_DEFINITIONS = (
					"DEBUG=1",
					"$(inherited)",
				);
				GCC_WARN_64_TO_32_BIT_CONVERSION = YES;
				GCC_WARN_ABOUT_RETURN_TYPE = YES_ERROR;
				GCC_WARN_UNDECLARED_SELECTOR = YES;
				GCC_WARN_UNINITIALIZED_AUTOS = YES_AGGRESSIVE;
				GCC_WARN_UNUSED_FUNCTION = YES;
				GCC_WARN_UNUSED_VARIABLE = YES;
				IPHONEOS_DEPLOYMENT_TARGET = 17.2;
				LOCALIZATION_PREFERS_STRING_CATALOGS = YES;
				MTL_ENABLE_DEBUG_INFO = INCLUDE_SOURCE;
				MTL_FAST_MATH = YES;
				ONLY_ACTIVE_ARCH = YES;
				SDKROOT = iphoneos;
				SWIFT_ACTIVE_COMPILATION_CONDITIONS = "DEBUG $(inherited)";
				SWIFT_OPTIMIZATION_LEVEL = "-Onone";
			};
			name = Debug;
		};
		D2FA0F9B2B541E9500C8DD34 /* Release */ = {
			isa = XCBuildConfiguration;
			buildSettings = {
				ALWAYS_SEARCH_USER_PATHS = NO;
				ASSETCATALOG_COMPILER_GENERATE_SWIFT_ASSET_SYMBOL_EXTENSIONS = YES;
				CLANG_ANALYZER_NONNULL = YES;
				CLANG_ANALYZER_NUMBER_OBJECT_CONVERSION = YES_AGGRESSIVE;
				CLANG_CXX_LANGUAGE_STANDARD = "gnu++20";
				CLANG_ENABLE_MODULES = YES;
				CLANG_ENABLE_OBJC_ARC = YES;
				CLANG_ENABLE_OBJC_WEAK = YES;
				CLANG_WARN_BLOCK_CAPTURE_AUTORELEASING = YES;
				CLANG_WARN_BOOL_CONVERSION = YES;
				CLANG_WARN_COMMA = YES;
				CLANG_WARN_CONSTANT_CONVERSION = YES;
				CLANG_WARN_DEPRECATED_OBJC_IMPLEMENTATIONS = YES;
				CLANG_WARN_DIRECT_OBJC_ISA_USAGE = YES_ERROR;
				CLANG_WARN_DOCUMENTATION_COMMENTS = YES;
				CLANG_WARN_EMPTY_BODY = YES;
				CLANG_WARN_ENUM_CONVERSION = YES;
				CLANG_WARN_INFINITE_RECURSION = YES;
				CLANG_WARN_INT_CONVERSION = YES;
				CLANG_WARN_NON_LITERAL_NULL_CONVERSION = YES;
				CLANG_WARN_OBJC_IMPLICIT_RETAIN_SELF = YES;
				CLANG_WARN_OBJC_LITERAL_CONVERSION = YES;
				CLANG_WARN_OBJC_ROOT_CLASS = YES_ERROR;
				CLANG_WARN_QUOTED_INCLUDE_IN_FRAMEWORK_HEADER = YES;
				CLANG_WARN_RANGE_LOOP_ANALYSIS = YES;
				CLANG_WARN_STRICT_PROTOTYPES = YES;
				CLANG_WARN_SUSPICIOUS_MOVE = YES;
				CLANG_WARN_UNGUARDED_AVAILABILITY = YES_AGGRESSIVE;
				CLANG_WARN_UNREACHABLE_CODE = YES;
				CLANG_WARN__DUPLICATE_METHOD_MATCH = YES;
				COPY_PHASE_STRIP = NO;
				DEBUG_INFORMATION_FORMAT = "dwarf-with-dsym";
				ENABLE_NS_ASSERTIONS = NO;
				ENABLE_STRICT_OBJC_MSGSEND = YES;
				ENABLE_USER_SCRIPT_SANDBOXING = YES;
				GCC_C_LANGUAGE_STANDARD = gnu17;
				GCC_NO_COMMON_BLOCKS = YES;
				GCC_WARN_64_TO_32_BIT_CONVERSION = YES;
				GCC_WARN_ABOUT_RETURN_TYPE = YES_ERROR;
				GCC_WARN_UNDECLARED_SELECTOR = YES;
				GCC_WARN_UNINITIALIZED_AUTOS = YES_AGGRESSIVE;
				GCC_WARN_UNUSED_FUNCTION = YES;
				GCC_WARN_UNUSED_VARIABLE = YES;
				IPHONEOS_DEPLOYMENT_TARGET = 17.2;
				LOCALIZATION_PREFERS_STRING_CATALOGS = YES;
				MTL_ENABLE_DEBUG_INFO = NO;
				MTL_FAST_MATH = YES;
				SDKROOT = iphoneos;
				SWIFT_COMPILATION_MODE = wholemodule;
				VALIDATE_PRODUCT = YES;
			};
			name = Release;
		};
		D2FA0F9D2B541E9500C8DD34 /* Debug */ = {
			isa = XCBuildConfiguration;
			buildSettings = {
				ASSETCATALOG_COMPILER_APPICON_NAME = AppIcon;
				ASSETCATALOG_COMPILER_GLOBAL_ACCENT_COLOR_NAME = AccentColor;
				CODE_SIGN_STYLE = Automatic;
				CURRENT_PROJECT_VERSION = 1;
				DEVELOPMENT_TEAM = MQXFVNA22F;
				GENERATE_INFOPLIST_FILE = YES;
				INFOPLIST_KEY_UIApplicationSupportsIndirectInputEvents = YES;
				INFOPLIST_KEY_UILaunchStoryboardName = LaunchScreen;
				INFOPLIST_KEY_UIMainStoryboardFile = Main;
				INFOPLIST_KEY_UIStatusBarHidden = YES;
				INFOPLIST_KEY_UIStatusBarStyle = "";
				INFOPLIST_KEY_UISupportedInterfaceOrientations = "UIInterfaceOrientationLandscapeLeft UIInterfaceOrientationLandscapeRight UIInterfaceOrientationPortrait";
				INFOPLIST_KEY_UISupportedInterfaceOrientations_iPad = "UIInterfaceOrientationLandscapeLeft UIInterfaceOrientationLandscapeRight";
				LD_RUNPATH_SEARCH_PATHS = (
					"$(inherited)",
					"@executable_path/Frameworks",
				);
				MARKETING_VERSION = 1.0;
				PRODUCT_BUNDLE_IDENTIFIER = com.Skilach.Project11;
				PRODUCT_NAME = "$(TARGET_NAME)";
				SWIFT_EMIT_LOC_STRINGS = YES;
				SWIFT_VERSION = 5.0;
				TARGETED_DEVICE_FAMILY = "1,2";
			};
			name = Debug;
		};
		D2FA0F9E2B541E9500C8DD34 /* Release */ = {
			isa = XCBuildConfiguration;
			buildSettings = {
				ASSETCATALOG_COMPILER_APPICON_NAME = AppIcon;
				ASSETCATALOG_COMPILER_GLOBAL_ACCENT_COLOR_NAME = AccentColor;
				CODE_SIGN_STYLE = Automatic;
				CURRENT_PROJECT_VERSION = 1;
				DEVELOPMENT_TEAM = MQXFVNA22F;
				GENERATE_INFOPLIST_FILE = YES;
				INFOPLIST_KEY_UIApplicationSupportsIndirectInputEvents = YES;
				INFOPLIST_KEY_UILaunchStoryboardName = LaunchScreen;
				INFOPLIST_KEY_UIMainStoryboardFile = Main;
				INFOPLIST_KEY_UIStatusBarHidden = YES;
				INFOPLIST_KEY_UIStatusBarStyle = "";
				INFOPLIST_KEY_UISupportedInterfaceOrientations = "UIInterfaceOrientationLandscapeLeft UIInterfaceOrientationLandscapeRight UIInterfaceOrientationPortrait";
				INFOPLIST_KEY_UISupportedInterfaceOrientations_iPad = "UIInterfaceOrientationLandscapeLeft UIInterfaceOrientationLandscapeRight";
				LD_RUNPATH_SEARCH_PATHS = (
					"$(inherited)",
					"@executable_path/Frameworks",
				);
				MARKETING_VERSION = 1.0;
				PRODUCT_BUNDLE_IDENTIFIER = com.Skilach.Project11;
				PRODUCT_NAME = "$(TARGET_NAME)";
				SWIFT_EMIT_LOC_STRINGS = YES;
				SWIFT_VERSION = 5.0;
				TARGETED_DEVICE_FAMILY = "1,2";
			};
			name = Release;
		};
/* End XCBuildConfiguration section */

/* Begin XCConfigurationList section */
		D2FA0F802B541E9400C8DD34 /* Build configuration list for PBXProject "Project11" */ = {
			isa = XCConfigurationList;
			buildConfigurations = (
				D2FA0F9A2B541E9500C8DD34 /* Debug */,
				D2FA0F9B2B541E9500C8DD34 /* Release */,
			);
			defaultConfigurationIsVisible = 0;
			defaultConfigurationName = Release;
		};
		D2FA0F9C2B541E9500C8DD34 /* Build configuration list for PBXNativeTarget "Project11" */ = {
			isa = XCConfigurationList;
			buildConfigurations = (
				D2FA0F9D2B541E9500C8DD34 /* Debug */,
				D2FA0F9E2B541E9500C8DD34 /* Release */,
			);
			defaultConfigurationIsVisible = 0;
			defaultConfigurationName = Release;
		};
/* End XCConfigurationList section */
	};
	rootObject = D2FA0F7D2B541E9400C8DD34 /* Project object */;
}
